// !$*UTF8*$!
{
	archiveVersion = 1;
	classes = {
	};
	objectVersion = 50;
	objects = {

/* Begin PBXBuildFile section */
		930554872565F42D004E9F9D /* Queue.swift in Sources */ = {isa = PBXBuildFile; fileRef = 930554862565F42D004E9F9D /* Queue.swift */; };
		930554882565F42D004E9F9D /* Queue.swift in Sources */ = {isa = PBXBuildFile; fileRef = 930554862565F42D004E9F9D /* Queue.swift */; };
		9305548C2565F4A6004E9F9D /* LinkedList.swift in Sources */ = {isa = PBXBuildFile; fileRef = 9305548B2565F4A6004E9F9D /* LinkedList.swift */; };
		9305548D2565F4A6004E9F9D /* LinkedList.swift in Sources */ = {isa = PBXBuildFile; fileRef = 9305548B2565F4A6004E9F9D /* LinkedList.swift */; };
		930554932565FB9C004E9F9D /* Deque.swift in Sources */ = {isa = PBXBuildFile; fileRef = 930554922565FB9C004E9F9D /* Deque.swift */; };
		930554942565FB9C004E9F9D /* Deque.swift in Sources */ = {isa = PBXBuildFile; fileRef = 930554922565FB9C004E9F9D /* Deque.swift */; };
		936843E92563904600A8AF80 /* AppDelegate.swift in Sources */ = {isa = PBXBuildFile; fileRef = 936843E82563904600A8AF80 /* AppDelegate.swift */; };
		936843EB2563904600A8AF80 /* SceneDelegate.swift in Sources */ = {isa = PBXBuildFile; fileRef = 936843EA2563904600A8AF80 /* SceneDelegate.swift */; };
		936843ED2563904600A8AF80 /* ViewController.swift in Sources */ = {isa = PBXBuildFile; fileRef = 936843EC2563904600A8AF80 /* ViewController.swift */; };
		936843F02563904600A8AF80 /* Main.storyboard in Resources */ = {isa = PBXBuildFile; fileRef = 936843EE2563904600A8AF80 /* Main.storyboard */; };
		936843F22563904900A8AF80 /* Assets.xcassets in Resources */ = {isa = PBXBuildFile; fileRef = 936843F12563904900A8AF80 /* Assets.xcassets */; };
		936843F52563904900A8AF80 /* LaunchScreen.storyboard in Resources */ = {isa = PBXBuildFile; fileRef = 936843F32563904900A8AF80 /* LaunchScreen.storyboard */; };
		936844002563904A00A8AF80 /* QueueTests.swift in Sources */ = {isa = PBXBuildFile; fileRef = 936843FF2563904A00A8AF80 /* QueueTests.swift */; };
/* End PBXBuildFile section */

/* Begin PBXContainerItemProxy section */
		936843FC2563904A00A8AF80 /* PBXContainerItemProxy */ = {
			isa = PBXContainerItemProxy;
			containerPortal = 936843DD2563904600A8AF80 /* Project object */;
			proxyType = 1;
			remoteGlobalIDString = 936843E42563904600A8AF80;
			remoteInfo = Queue;
		};
/* End PBXContainerItemProxy section */

/* Begin PBXFileReference section */
		930554862565F42D004E9F9D /* Queue.swift */ = {isa = PBXFileReference; lastKnownFileType = sourcecode.swift; path = Queue.swift; sourceTree = "<group>"; };
		9305548B2565F4A6004E9F9D /* LinkedList.swift */ = {isa = PBXFileReference; fileEncoding = 4; lastKnownFileType = sourcecode.swift; path = LinkedList.swift; sourceTree = "<group>"; };
		930554922565FB9C004E9F9D /* Deque.swift */ = {isa = PBXFileReference; lastKnownFileType = sourcecode.swift; path = Deque.swift; sourceTree = "<group>"; };
		936843E52563904600A8AF80 /* Queue.app */ = {isa = PBXFileReference; explicitFileType = wrapper.application; includeInIndex = 0; path = Queue.app; sourceTree = BUILT_PRODUCTS_DIR; };
		936843E82563904600A8AF80 /* AppDelegate.swift */ = {isa = PBXFileReference; lastKnownFileType = sourcecode.swift; path = AppDelegate.swift; sourceTree = "<group>"; };
		936843EA2563904600A8AF80 /* SceneDelegate.swift */ = {isa = PBXFileReference; lastKnownFileType = sourcecode.swift; path = SceneDelegate.swift; sourceTree = "<group>"; };
		936843EC2563904600A8AF80 /* ViewController.swift */ = {isa = PBXFileReference; lastKnownFileType = sourcecode.swift; path = ViewController.swift; sourceTree = "<group>"; };
		936843EF2563904600A8AF80 /* Base */ = {isa = PBXFileReference; lastKnownFileType = file.storyboard; name = Base; path = Base.lproj/Main.storyboard; sourceTree = "<group>"; };
		936843F12563904900A8AF80 /* Assets.xcassets */ = {isa = PBXFileReference; lastKnownFileType = folder.assetcatalog; path = Assets.xcassets; sourceTree = "<group>"; };
		936843F42563904900A8AF80 /* Base */ = {isa = PBXFileReference; lastKnownFileType = file.storyboard; name = Base; path = Base.lproj/LaunchScreen.storyboard; sourceTree = "<group>"; };
		936843F62563904900A8AF80 /* Info.plist */ = {isa = PBXFileReference; lastKnownFileType = text.plist.xml; path = Info.plist; sourceTree = "<group>"; };
		936843FB2563904A00A8AF80 /* QueueTests.xctest */ = {isa = PBXFileReference; explicitFileType = wrapper.cfbundle; includeInIndex = 0; path = QueueTests.xctest; sourceTree = BUILT_PRODUCTS_DIR; };
		936843FF2563904A00A8AF80 /* QueueTests.swift */ = {isa = PBXFileReference; lastKnownFileType = sourcecode.swift; path = QueueTests.swift; sourceTree = "<group>"; };
		936844012563904A00A8AF80 /* Info.plist */ = {isa = PBXFileReference; lastKnownFileType = text.plist.xml; path = Info.plist; sourceTree = "<group>"; };
/* End PBXFileReference section */

/* Begin PBXFrameworksBuildPhase section */
		936843E22563904600A8AF80 /* Frameworks */ = {
			isa = PBXFrameworksBuildPhase;
			buildActionMask = 2147483647;
			files = (
			);
			runOnlyForDeploymentPostprocessing = 0;
		};
		936843F82563904A00A8AF80 /* Frameworks */ = {
			isa = PBXFrameworksBuildPhase;
			buildActionMask = 2147483647;
			files = (
			);
			runOnlyForDeploymentPostprocessing = 0;
		};
/* End PBXFrameworksBuildPhase section */

/* Begin PBXGroup section */
		936843DC2563904600A8AF80 = {
			isa = PBXGroup;
			children = (
				936843E72563904600A8AF80 /* Queue */,
				936843FE2563904A00A8AF80 /* QueueTests */,
				936843E62563904600A8AF80 /* Products */,
			);
			sourceTree = "<group>";
		};
		936843E62563904600A8AF80 /* Products */ = {
			isa = PBXGroup;
			children = (
				936843E52563904600A8AF80 /* Queue.app */,
				936843FB2563904A00A8AF80 /* QueueTests.xctest */,
			);
			name = Products;
			sourceTree = "<group>";
		};
		936843E72563904600A8AF80 /* Queue */ = {
			isa = PBXGroup;
			children = (
				936843E82563904600A8AF80 /* AppDelegate.swift */,
				936843EA2563904600A8AF80 /* SceneDelegate.swift */,
				936843EC2563904600A8AF80 /* ViewController.swift */,
				930554862565F42D004E9F9D /* Queue.swift */,
				930554922565FB9C004E9F9D /* Deque.swift */,
				9305548B2565F4A6004E9F9D /* LinkedList.swift */,
				936843EE2563904600A8AF80 /* Main.storyboard */,
				936843F12563904900A8AF80 /* Assets.xcassets */,
				936843F32563904900A8AF80 /* LaunchScreen.storyboard */,
				936843F62563904900A8AF80 /* Info.plist */,
			);
			path = Queue;
			sourceTree = "<group>";
		};
		936843FE2563904A00A8AF80 /* QueueTests */ = {
			isa = PBXGroup;
			children = (
				936843FF2563904A00A8AF80 /* QueueTests.swift */,
				936844012563904A00A8AF80 /* Info.plist */,
			);
			path = QueueTests;
			sourceTree = "<group>";
		};
/* End PBXGroup section */

/* Begin PBXNativeTarget section */
		936843E42563904600A8AF80 /* Queue */ = {
			isa = PBXNativeTarget;
			buildConfigurationList = 9368440F2563904A00A8AF80 /* Build configuration list for PBXNativeTarget "Queue" */;
			buildPhases = (
				936843E12563904600A8AF80 /* Sources */,
				936843E22563904600A8AF80 /* Frameworks */,
				936843E32563904600A8AF80 /* Resources */,
			);
			buildRules = (
			);
			dependencies = (
			);
			name = Queue;
			productName = Queue;
			productReference = 936843E52563904600A8AF80 /* Queue.app */;
			productType = "com.apple.product-type.application";
		};
		936843FA2563904A00A8AF80 /* QueueTests */ = {
			isa = PBXNativeTarget;
			buildConfigurationList = 936844122563904A00A8AF80 /* Build configuration list for PBXNativeTarget "QueueTests" */;
			buildPhases = (
				936843F72563904A00A8AF80 /* Sources */,
				936843F82563904A00A8AF80 /* Frameworks */,
				936843F92563904A00A8AF80 /* Resources */,
			);
			buildRules = (
			);
			dependencies = (
				936843FD2563904A00A8AF80 /* PBXTargetDependency */,
			);
			name = QueueTests;
			productName = QueueTests;
			productReference = 936843FB2563904A00A8AF80 /* QueueTests.xctest */;
			productType = "com.apple.product-type.bundle.unit-test";
		};
/* End PBXNativeTarget section */

/* Begin PBXProject section */
		936843DD2563904600A8AF80 /* Project object */ = {
			isa = PBXProject;
			attributes = {
				LastSwiftUpdateCheck = 1220;
				LastUpgradeCheck = 1220;
				TargetAttributes = {
					936843E42563904600A8AF80 = {
						CreatedOnToolsVersion = 12.2;
					};
					936843FA2563904A00A8AF80 = {
						CreatedOnToolsVersion = 12.2;
						TestTargetID = 936843E42563904600A8AF80;
					};
				};
			};
			buildConfigurationList = 936843E02563904600A8AF80 /* Build configuration list for PBXProject "Queue" */;
			compatibilityVersion = "Xcode 9.3";
			developmentRegion = en;
			hasScannedForEncodings = 0;
			knownRegions = (
				en,
				Base,
			);
			mainGroup = 936843DC2563904600A8AF80;
			productRefGroup = 936843E62563904600A8AF80 /* Products */;
			projectDirPath = "";
			projectRoot = "";
			targets = (
				936843E42563904600A8AF80 /* Queue */,
				936843FA2563904A00A8AF80 /* QueueTests */,
			);
		};
/* End PBXProject section */

/* Begin PBXResourcesBuildPhase section */
		936843E32563904600A8AF80 /* Resources */ = {
			isa = PBXResourcesBuildPhase;
			buildActionMask = 2147483647;
			files = (
				936843F52563904900A8AF80 /* LaunchScreen.storyboard in Resources */,
				936843F22563904900A8AF80 /* Assets.xcassets in Resources */,
				936843F02563904600A8AF80 /* Main.storyboard in Resources */,
			);
			runOnlyForDeploymentPostprocessing = 0;
		};
		936843F92563904A00A8AF80 /* Resources */ = {
			isa = PBXResourcesBuildPhase;
			buildActionMask = 2147483647;
			files = (
			);
			runOnlyForDeploymentPostprocessing = 0;
		};
/* End PBXResourcesBuildPhase section */

/* Begin PBXSourcesBuildPhase section */
		936843E12563904600A8AF80 /* Sources */ = {
			isa = PBXSourcesBuildPhase;
			buildActionMask = 2147483647;
			files = (
				936843ED2563904600A8AF80 /* ViewController.swift in Sources */,
				936843E92563904600A8AF80 /* AppDelegate.swift in Sources */,
				930554932565FB9C004E9F9D /* Deque.swift in Sources */,
				9305548C2565F4A6004E9F9D /* LinkedList.swift in Sources */,
				936843EB2563904600A8AF80 /* SceneDelegate.swift in Sources */,
				930554872565F42D004E9F9D /* Queue.swift in Sources */,
			);
			runOnlyForDeploymentPostprocessing = 0;
		};
		936843F72563904A00A8AF80 /* Sources */ = {
			isa = PBXSourcesBuildPhase;
			buildActionMask = 2147483647;
			files = (
				9305548D2565F4A6004E9F9D /* LinkedList.swift in Sources */,
				936844002563904A00A8AF80 /* QueueTests.swift in Sources */,
				930554942565FB9C004E9F9D /* Deque.swift in Sources */,
				930554882565F42D004E9F9D /* Queue.swift in Sources */,
			);
			runOnlyForDeploymentPostprocessing = 0;
		};
/* End PBXSourcesBuildPhase section */

/* Begin PBXTargetDependency section */
		936843FD2563904A00A8AF80 /* PBXTargetDependency */ = {
			isa = PBXTargetDependency;
			target = 936843E42563904600A8AF80 /* Queue */;
			targetProxy = 936843FC2563904A00A8AF80 /* PBXContainerItemProxy */;
		};
/* End PBXTargetDependency section */

/* Begin PBXVariantGroup section */
		936843EE2563904600A8AF80 /* Main.storyboard */ = {
			isa = PBXVariantGroup;
			children = (
				936843EF2563904600A8AF80 /* Base */,
			);
			name = Main.storyboard;
			sourceTree = "<group>";
		};
		936843F32563904900A8AF80 /* LaunchScreen.storyboard */ = {
			isa = PBXVariantGroup;
			children = (
				936843F42563904900A8AF80 /* Base */,
			);
			name = LaunchScreen.storyboard;
			sourceTree = "<group>";
		};
/* End PBXVariantGroup section */

/* Begin XCBuildConfiguration section */
		9368440D2563904A00A8AF80 /* Debug */ = {
			isa = XCBuildConfiguration;
			buildSettings = {
				ALWAYS_SEARCH_USER_PATHS = NO;
				CLANG_ANALYZER_NONNULL = YES;
				CLANG_ANALYZER_NUMBER_OBJECT_CONVERSION = YES_AGGRESSIVE;
				CLANG_CXX_LANGUAGE_STANDARD = "gnu++14";
				CLANG_CXX_LIBRARY = "libc++";
				CLANG_ENABLE_MODULES = YES;
				CLANG_ENABLE_OBJC_ARC = YES;
				CLANG_ENABLE_OBJC_WEAK = YES;
				CLANG_WARN_BLOCK_CAPTURE_AUTORELEASING = YES;
				CLANG_WARN_BOOL_CONVERSION = YES;
				CLANG_WARN_COMMA = YES;
				CLANG_WARN_CONSTANT_CONVERSION = YES;
				CLANG_WARN_DEPRECATED_OBJC_IMPLEMENTATIONS = YES;
				CLANG_WARN_DIRECT_OBJC_ISA_USAGE = YES_ERROR;
				CLANG_WARN_DOCUMENTATION_COMMENTS = YES;
				CLANG_WARN_EMPTY_BODY = YES;
				CLANG_WARN_ENUM_CONVERSION = YES;
				CLANG_WARN_INFINITE_RECURSION = YES;
				CLANG_WARN_INT_CONVERSION = YES;
				CLANG_WARN_NON_LITERAL_NULL_CONVERSION = YES;
				CLANG_WARN_OBJC_IMPLICIT_RETAIN_SELF = YES;
				CLANG_WARN_OBJC_LITERAL_CONVERSION = YES;
				CLANG_WARN_OBJC_ROOT_CLASS = YES_ERROR;
				CLANG_WARN_QUOTED_INCLUDE_IN_FRAMEWORK_HEADER = YES;
				CLANG_WARN_RANGE_LOOP_ANALYSIS = YES;
				CLANG_WARN_STRICT_PROTOTYPES = YES;
				CLANG_WARN_SUSPICIOUS_MOVE = YES;
				CLANG_WARN_UNGUARDED_AVAILABILITY = YES_AGGRESSIVE;
				CLANG_WARN_UNREACHABLE_CODE = YES;
				CLANG_WARN__DUPLICATE_METHOD_MATCH = YES;
				COPY_PHASE_STRIP = NO;
				DEBUG_INFORMATION_FORMAT = dwarf;
				ENABLE_STRICT_OBJC_MSGSEND = YES;
				ENABLE_TESTABILITY = YES;
				GCC_C_LANGUAGE_STANDARD = gnu11;
				GCC_DYNAMIC_NO_PIC = NO;
				GCC_NO_COMMON_BLOCKS = YES;
				GCC_OPTIMIZATION_LEVEL = 0;
				GCC_PREPROCESSOR_DEFINITIONS = (
					"DEBUG=1",
					"$(inherited)",
				);
				GCC_WARN_64_TO_32_BIT_CONVERSION = YES;
				GCC_WARN_ABOUT_RETURN_TYPE = YES_ERROR;
				GCC_WARN_UNDECLARED_SELECTOR = YES;
				GCC_WARN_UNINITIALIZED_AUTOS = YES_AGGRESSIVE;
				GCC_WARN_UNUSED_FUNCTION = YES;
				GCC_WARN_UNUSED_VARIABLE = YES;
				IPHONEOS_DEPLOYMENT_TARGET = 14.2;
				MTL_ENABLE_DEBUG_INFO = INCLUDE_SOURCE;
				MTL_FAST_MATH = YES;
				ONLY_ACTIVE_ARCH = YES;
				SDKROOT = iphoneos;
				SWIFT_ACTIVE_COMPILATION_CONDITIONS = DEBUG;
				SWIFT_OPTIMIZATION_LEVEL = "-Onone";
			};
			name = Debug;
		};
		9368440E2563904A00A8AF80 /* Release */ = {
			isa = XCBuildConfiguration;
			buildSettings = {
				ALWAYS_SEARCH_USER_PATHS = NO;
				CLANG_ANALYZER_NONNULL = YES;
				CLANG_ANALYZER_NUMBER_OBJECT_CONVERSION = YES_AGGRESSIVE;
				CLANG_CXX_LANGUAGE_STANDARD = "gnu++14";
				CLANG_CXX_LIBRARY = "libc++";
				CLANG_ENABLE_MODULES = YES;
				CLANG_ENABLE_OBJC_ARC = YES;
				CLANG_ENABLE_OBJC_WEAK = YES;
				CLANG_WARN_BLOCK_CAPTURE_AUTORELEASING = YES;
				CLANG_WARN_BOOL_CONVERSION = YES;
				CLANG_WARN_COMMA = YES;
				CLANG_WARN_CONSTANT_CONVERSION = YES;
				CLANG_WARN_DEPRECATED_OBJC_IMPLEMENTATIONS = YES;
				CLANG_WARN_DIRECT_OBJC_ISA_USAGE = YES_ERROR;
				CLANG_WARN_DOCUMENTATION_COMMENTS = YES;
				CLANG_WARN_EMPTY_BODY = YES;
				CLANG_WARN_ENUM_CONVERSION = YES;
				CLANG_WARN_INFINITE_RECURSION = YES;
				CLANG_WARN_INT_CONVERSION = YES;
				CLANG_WARN_NON_LITERAL_NULL_CONVERSION = YES;
				CLANG_WARN_OBJC_IMPLICIT_RETAIN_SELF = YES;
				CLANG_WARN_OBJC_LITERAL_CONVERSION = YES;
				CLANG_WARN_OBJC_ROOT_CLASS = YES_ERROR;
				CLANG_WARN_QUOTED_INCLUDE_IN_FRAMEWORK_HEADER = YES;
				CLANG_WARN_RANGE_LOOP_ANALYSIS = YES;
				CLANG_WARN_STRICT_PROTOTYPES = YES;
				CLANG_WARN_SUSPICIOUS_MOVE = YES;
				CLANG_WARN_UNGUARDED_AVAILABILITY = YES_AGGRESSIVE;
				CLANG_WARN_UNREACHABLE_CODE = YES;
				CLANG_WARN__DUPLICATE_METHOD_MATCH = YES;
				COPY_PHASE_STRIP = NO;
				DEBUG_INFORMATION_FORMAT = "dwarf-with-dsym";
				ENABLE_NS_ASSERTIONS = NO;
				ENABLE_STRICT_OBJC_MSGSEND = YES;
				GCC_C_LANGUAGE_STANDARD = gnu11;
				GCC_NO_COMMON_BLOCKS = YES;
				GCC_WARN_64_TO_32_BIT_CONVERSION = YES;
				GCC_WARN_ABOUT_RETURN_TYPE = YES_ERROR;
				GCC_WARN_UNDECLARED_SELECTOR = YES;
				GCC_WARN_UNINITIALIZED_AUTOS = YES_AGGRESSIVE;
				GCC_WARN_UNUSED_FUNCTION = YES;
				GCC_WARN_UNUSED_VARIABLE = YES;
				IPHONEOS_DEPLOYMENT_TARGET = 14.2;
				MTL_ENABLE_DEBUG_INFO = NO;
				MTL_FAST_MATH = YES;
				SDKROOT = iphoneos;
				SWIFT_COMPILATION_MODE = wholemodule;
				SWIFT_OPTIMIZATION_LEVEL = "-O";
				VALIDATE_PRODUCT = YES;
			};
			name = Release;
		};
		936844102563904A00A8AF80 /* Debug */ = {
			isa = XCBuildConfiguration;
			buildSettings = {
				ASSETCATALOG_COMPILER_APPICON_NAME = AppIcon;
				ASSETCATALOG_COMPILER_GLOBAL_ACCENT_COLOR_NAME = AccentColor;
				CODE_SIGN_STYLE = Automatic;
				DEVELOPMENT_TEAM = YVX2Y63NF8;
				INFOPLIST_FILE = Queue/Info.plist;
				LD_RUNPATH_SEARCH_PATHS = (
					"$(inherited)",
					"@executable_path/Frameworks",
				);
				PRODUCT_BUNDLE_IDENTIFIER = aaron.Queue;
				PRODUCT_NAME = "$(TARGET_NAME)";
				SWIFT_VERSION = 5.0;
				TARGETED_DEVICE_FAMILY = "1,2";
			};
			name = Debug;
		};
		936844112563904A00A8AF80 /* Release */ = {
			isa = XCBuildConfiguration;
			buildSettings = {
				ASSETCATALOG_COMPILER_APPICON_NAME = AppIcon;
				ASSETCATALOG_COMPILER_GLOBAL_ACCENT_COLOR_NAME = AccentColor;
				CODE_SIGN_STYLE = Automatic;
				DEVELOPMENT_TEAM = YVX2Y63NF8;
				INFOPLIST_FILE = Queue/Info.plist;
				LD_RUNPATH_SEARCH_PATHS = (
					"$(inherited)",
					"@executable_path/Frameworks",
				);
				PRODUCT_BUNDLE_IDENTIFIER = aaron.Queue;
				PRODUCT_NAME = "$(TARGET_NAME)";
				SWIFT_VERSION = 5.0;
				TARGETED_DEVICE_FAMILY = "1,2";
			};
			name = Release;
		};
		936844132563904A00A8AF80 /* Debug */ = {
			isa = XCBuildConfiguration;
			buildSettings = {
				ALWAYS_EMBED_SWIFT_STANDARD_LIBRARIES = YES;
				BUNDLE_LOADER = "$(TEST_HOST)";
				CODE_SIGN_STYLE = Automatic;
				DEVELOPMENT_TEAM = YVX2Y63NF8;
				INFOPLIST_FILE = QueueTests/Info.plist;
				IPHONEOS_DEPLOYMENT_TARGET = 14.2;
				LD_RUNPATH_SEARCH_PATHS = (
					"$(inherited)",
					"@executable_path/Frameworks",
					"@loader_path/Frameworks",
				);
				PRODUCT_BUNDLE_IDENTIFIER = aaron.QueueTests;
				PRODUCT_NAME = "$(TARGET_NAME)";
				SWIFT_VERSION = 5.0;
				TARGETED_DEVICE_FAMILY = "1,2";
				TEST_HOST = "$(BUILT_PRODUCTS_DIR)/Queue.app/Queue";
			};
			name = Debug;
		};
		936844142563904A00A8AF80 /* Release */ = {
			isa = XCBuildConfiguration;
			buildSettings = {
				ALWAYS_EMBED_SWIFT_STANDARD_LIBRARIES = YES;
				BUNDLE_LOADER = "$(TEST_HOST)";
				CODE_SIGN_STYLE = Automatic;
				DEVELOPMENT_TEAM = YVX2Y63NF8;
				INFOPLIST_FILE = QueueTests/Info.plist;
				IPHONEOS_DEPLOYMENT_TARGET = 14.2;
				LD_RUNPATH_SEARCH_PATHS = (
					"$(inherited)",
					"@executable_path/Frameworks",
					"@loader_path/Frameworks",
				);
				PRODUCT_BUNDLE_IDENTIFIER = aaron.QueueTests;
				PRODUCT_NAME = "$(TARGET_NAME)";
				SWIFT_VERSION = 5.0;
				TARGETED_DEVICE_FAMILY = "1,2";
				TEST_HOST = "$(BUILT_PRODUCTS_DIR)/Queue.app/Queue";
			};
			name = Release;
		};
/* End XCBuildConfiguration section */

/* Begin XCConfigurationList section */
		936843E02563904600A8AF80 /* Build configuration list for PBXProject "Queue" */ = {
			isa = XCConfigurationList;
			buildConfigurations = (
				9368440D2563904A00A8AF80 /* Debug */,
				9368440E2563904A00A8AF80 /* Release */,
			);
			defaultConfigurationIsVisible = 0;
			defaultConfigurationName = Release;
		};
		9368440F2563904A00A8AF80 /* Build configuration list for PBXNativeTarget "Queue" */ = {
			isa = XCConfigurationList;
			buildConfigurations = (
				936844102563904A00A8AF80 /* Debug */,
				936844112563904A00A8AF80 /* Release */,
			);
			defaultConfigurationIsVisible = 0;
			defaultConfigurationName = Release;
		};
		936844122563904A00A8AF80 /* Build configuration list for PBXNativeTarget "QueueTests" */ = {
			isa = XCConfigurationList;
			buildConfigurations = (
				936844132563904A00A8AF80 /* Debug */,
				936844142563904A00A8AF80 /* Release */,
			);
			defaultConfigurationIsVisible = 0;
			defaultConfigurationName = Release;
		};
/* End XCConfigurationList section */
	};
	rootObject = 936843DD2563904600A8AF80 /* Project object */;
}
