// !$*UTF8*$!
{
	archiveVersion = 1;
	classes = {
	};
	objectVersion = 50;
	objects = {

/* Begin PBXBuildFile section */
		9305547925652C3A004E9F9D /* Stack.swift in Sources */ = {isa = PBXBuildFile; fileRef = 9305547825652C3A004E9F9D /* Stack.swift */; };
		9305547A25652C3A004E9F9D /* Stack.swift in Sources */ = {isa = PBXBuildFile; fileRef = 9305547825652C3A004E9F9D /* Stack.swift */; };
		936843AA25638AB700A8AF80 /* AppDelegate.swift in Sources */ = {isa = PBXBuildFile; fileRef = 936843A925638AB700A8AF80 /* AppDelegate.swift */; };
		936843AC25638AB700A8AF80 /* SceneDelegate.swift in Sources */ = {isa = PBXBuildFile; fileRef = 936843AB25638AB700A8AF80 /* SceneDelegate.swift */; };
		936843AE25638AB700A8AF80 /* ViewController.swift in Sources */ = {isa = PBXBuildFile; fileRef = 936843AD25638AB700A8AF80 /* ViewController.swift */; };
		936843B125638AB700A8AF80 /* Main.storyboard in Resources */ = {isa = PBXBuildFile; fileRef = 936843AF25638AB700A8AF80 /* Main.storyboard */; };
		936843B325638ABA00A8AF80 /* Assets.xcassets in Resources */ = {isa = PBXBuildFile; fileRef = 936843B225638ABA00A8AF80 /* Assets.xcassets */; };
		936843B625638ABA00A8AF80 /* LaunchScreen.storyboard in Resources */ = {isa = PBXBuildFile; fileRef = 936843B425638ABA00A8AF80 /* LaunchScreen.storyboard */; };
		936843C125638ABB00A8AF80 /* StackTests.swift in Sources */ = {isa = PBXBuildFile; fileRef = 936843C025638ABB00A8AF80 /* StackTests.swift */; };
/* End PBXBuildFile section */

/* Begin PBXContainerItemProxy section */
		936843BD25638ABB00A8AF80 /* PBXContainerItemProxy */ = {
			isa = PBXContainerItemProxy;
			containerPortal = 9368439E25638AB700A8AF80 /* Project object */;
			proxyType = 1;
			remoteGlobalIDString = 936843A525638AB700A8AF80;
			remoteInfo = Stack;
		};
/* End PBXContainerItemProxy section */

/* Begin PBXFileReference section */
		9305547825652C3A004E9F9D /* Stack.swift */ = {isa = PBXFileReference; lastKnownFileType = sourcecode.swift; path = Stack.swift; sourceTree = "<group>"; };
		936843A625638AB700A8AF80 /* Stack.app */ = {isa = PBXFileReference; explicitFileType = wrapper.application; includeInIndex = 0; path = Stack.app; sourceTree = BUILT_PRODUCTS_DIR; };
		936843A925638AB700A8AF80 /* AppDelegate.swift */ = {isa = PBXFileReference; lastKnownFileType = sourcecode.swift; path = AppDelegate.swift; sourceTree = "<group>"; };
		936843AB25638AB700A8AF80 /* SceneDelegate.swift */ = {isa = PBXFileReference; lastKnownFileType = sourcecode.swift; path = SceneDelegate.swift; sourceTree = "<group>"; };
		936843AD25638AB700A8AF80 /* ViewController.swift */ = {isa = PBXFileReference; lastKnownFileType = sourcecode.swift; path = ViewController.swift; sourceTree = "<group>"; };
		936843B025638AB700A8AF80 /* Base */ = {isa = PBXFileReference; lastKnownFileType = file.storyboard; name = Base; path = Base.lproj/Main.storyboard; sourceTree = "<group>"; };
		936843B225638ABA00A8AF80 /* Assets.xcassets */ = {isa = PBXFileReference; lastKnownFileType = folder.assetcatalog; path = Assets.xcassets; sourceTree = "<group>"; };
		936843B525638ABA00A8AF80 /* Base */ = {isa = PBXFileReference; lastKnownFileType = file.storyboard; name = Base; path = Base.lproj/LaunchScreen.storyboard; sourceTree = "<group>"; };
		936843B725638ABA00A8AF80 /* Info.plist */ = {isa = PBXFileReference; lastKnownFileType = text.plist.xml; path = Info.plist; sourceTree = "<group>"; };
		936843BC25638ABB00A8AF80 /* StackTests.xctest */ = {isa = PBXFileReference; explicitFileType = wrapper.cfbundle; includeInIndex = 0; path = StackTests.xctest; sourceTree = BUILT_PRODUCTS_DIR; };
		936843C025638ABB00A8AF80 /* StackTests.swift */ = {isa = PBXFileReference; lastKnownFileType = sourcecode.swift; path = StackTests.swift; sourceTree = "<group>"; };
		936843C225638ABB00A8AF80 /* Info.plist */ = {isa = PBXFileReference; lastKnownFileType = text.plist.xml; path = Info.plist; sourceTree = "<group>"; };
/* End PBXFileReference section */

/* Begin PBXFrameworksBuildPhase section */
		936843A325638AB700A8AF80 /* Frameworks */ = {
			isa = PBXFrameworksBuildPhase;
			buildActionMask = 2147483647;
			files = (
			);
			runOnlyForDeploymentPostprocessing = 0;
		};
		936843B925638ABB00A8AF80 /* Frameworks */ = {
			isa = PBXFrameworksBuildPhase;
			buildActionMask = 2147483647;
			files = (
			);
			runOnlyForDeploymentPostprocessing = 0;
		};
/* End PBXFrameworksBuildPhase section */

/* Begin PBXGroup section */
		9368439D25638AB700A8AF80 = {
			isa = PBXGroup;
			children = (
				936843A825638AB700A8AF80 /* Stack */,
				936843BF25638ABB00A8AF80 /* StackTests */,
				936843A725638AB700A8AF80 /* Products */,
			);
			sourceTree = "<group>";
		};
		936843A725638AB700A8AF80 /* Products */ = {
			isa = PBXGroup;
			children = (
				936843A625638AB700A8AF80 /* Stack.app */,
				936843BC25638ABB00A8AF80 /* StackTests.xctest */,
			);
			name = Products;
			sourceTree = "<group>";
		};
		936843A825638AB700A8AF80 /* Stack */ = {
			isa = PBXGroup;
			children = (
				936843A925638AB700A8AF80 /* AppDelegate.swift */,
				936843AB25638AB700A8AF80 /* SceneDelegate.swift */,
				936843AD25638AB700A8AF80 /* ViewController.swift */,
				9305547825652C3A004E9F9D /* Stack.swift */,
				936843AF25638AB700A8AF80 /* Main.storyboard */,
				936843B225638ABA00A8AF80 /* Assets.xcassets */,
				936843B425638ABA00A8AF80 /* LaunchScreen.storyboard */,
				936843B725638ABA00A8AF80 /* Info.plist */,
			);
			path = Stack;
			sourceTree = "<group>";
		};
		936843BF25638ABB00A8AF80 /* StackTests */ = {
			isa = PBXGroup;
			children = (
				936843C025638ABB00A8AF80 /* StackTests.swift */,
				936843C225638ABB00A8AF80 /* Info.plist */,
			);
			path = StackTests;
			sourceTree = "<group>";
		};
/* End PBXGroup section */

/* Begin PBXNativeTarget section */
		936843A525638AB700A8AF80 /* Stack */ = {
			isa = PBXNativeTarget;
			buildConfigurationList = 936843D025638ABB00A8AF80 /* Build configuration list for PBXNativeTarget "Stack" */;
			buildPhases = (
				936843A225638AB700A8AF80 /* Sources */,
				936843A325638AB700A8AF80 /* Frameworks */,
				936843A425638AB700A8AF80 /* Resources */,
			);
			buildRules = (
			);
			dependencies = (
			);
			name = Stack;
			productName = Stack;
			productReference = 936843A625638AB700A8AF80 /* Stack.app */;
			productType = "com.apple.product-type.application";
		};
		936843BB25638ABB00A8AF80 /* StackTests */ = {
			isa = PBXNativeTarget;
			buildConfigurationList = 936843D325638ABB00A8AF80 /* Build configuration list for PBXNativeTarget "StackTests" */;
			buildPhases = (
				936843B825638ABB00A8AF80 /* Sources */,
				936843B925638ABB00A8AF80 /* Frameworks */,
				936843BA25638ABB00A8AF80 /* Resources */,
			);
			buildRules = (
			);
			dependencies = (
				936843BE25638ABB00A8AF80 /* PBXTargetDependency */,
			);
			name = StackTests;
			productName = StackTests;
			productReference = 936843BC25638ABB00A8AF80 /* StackTests.xctest */;
			productType = "com.apple.product-type.bundle.unit-test";
		};
/* End PBXNativeTarget section */

/* Begin PBXProject section */
		9368439E25638AB700A8AF80 /* Project object */ = {
			isa = PBXProject;
			attributes = {
				LastSwiftUpdateCheck = 1220;
				LastUpgradeCheck = 1220;
				TargetAttributes = {
					936843A525638AB700A8AF80 = {
						CreatedOnToolsVersion = 12.2;
					};
					936843BB25638ABB00A8AF80 = {
						CreatedOnToolsVersion = 12.2;
						TestTargetID = 936843A525638AB700A8AF80;
					};
				};
			};
			buildConfigurationList = 936843A125638AB700A8AF80 /* Build configuration list for PBXProject "Stack" */;
			compatibilityVersion = "Xcode 9.3";
			developmentRegion = en;
			hasScannedForEncodings = 0;
			knownRegions = (
				en,
				Base,
			);
			mainGroup = 9368439D25638AB700A8AF80;
			productRefGroup = 936843A725638AB700A8AF80 /* Products */;
			projectDirPath = "";
			projectRoot = "";
			targets = (
				936843A525638AB700A8AF80 /* Stack */,
				936843BB25638ABB00A8AF80 /* StackTests */,
			);
		};
/* End PBXProject section */

/* Begin PBXResourcesBuildPhase section */
		936843A425638AB700A8AF80 /* Resources */ = {
			isa = PBXResourcesBuildPhase;
			buildActionMask = 2147483647;
			files = (
				936843B625638ABA00A8AF80 /* LaunchScreen.storyboard in Resources */,
				936843B325638ABA00A8AF80 /* Assets.xcassets in Resources */,
				936843B125638AB700A8AF80 /* Main.storyboard in Resources */,
			);
			runOnlyForDeploymentPostprocessing = 0;
		};
		936843BA25638ABB00A8AF80 /* Resources */ = {
			isa = PBXResourcesBuildPhase;
			buildActionMask = 2147483647;
			files = (
			);
			runOnlyForDeploymentPostprocessing = 0;
		};
/* End PBXResourcesBuildPhase section */

/* Begin PBXSourcesBuildPhase section */
		936843A225638AB700A8AF80 /* Sources */ = {
			isa = PBXSourcesBuildPhase;
			buildActionMask = 2147483647;
			files = (
				9305547925652C3A004E9F9D /* Stack.swift in Sources */,
				936843AE25638AB700A8AF80 /* ViewController.swift in Sources */,
				936843AA25638AB700A8AF80 /* AppDelegate.swift in Sources */,
				936843AC25638AB700A8AF80 /* SceneDelegate.swift in Sources */,
			);
			runOnlyForDeploymentPostprocessing = 0;
		};
		936843B825638ABB00A8AF80 /* Sources */ = {
			isa = PBXSourcesBuildPhase;
			buildActionMask = 2147483647;
			files = (
				9305547A25652C3A004E9F9D /* Stack.swift in Sources */,
				936843C125638ABB00A8AF80 /* StackTests.swift in Sources */,
			);
			runOnlyForDeploymentPostprocessing = 0;
		};
/* End PBXSourcesBuildPhase section */

/* Begin PBXTargetDependency section */
		936843BE25638ABB00A8AF80 /* PBXTargetDependency */ = {
			isa = PBXTargetDependency;
			target = 936843A525638AB700A8AF80 /* Stack */;
			targetProxy = 936843BD25638ABB00A8AF80 /* PBXContainerItemProxy */;
		};
/* End PBXTargetDependency section */

/* Begin PBXVariantGroup section */
		936843AF25638AB700A8AF80 /* Main.storyboard */ = {
			isa = PBXVariantGroup;
			children = (
				936843B025638AB700A8AF80 /* Base */,
			);
			name = Main.storyboard;
			sourceTree = "<group>";
		};
		936843B425638ABA00A8AF80 /* LaunchScreen.storyboard */ = {
			isa = PBXVariantGroup;
			children = (
				936843B525638ABA00A8AF80 /* Base */,
			);
			name = LaunchScreen.storyboard;
			sourceTree = "<group>";
		};
/* End PBXVariantGroup section */

/* Begin XCBuildConfiguration section */
		936843CE25638ABB00A8AF80 /* Debug */ = {
			isa = XCBuildConfiguration;
			buildSettings = {
				ALWAYS_SEARCH_USER_PATHS = NO;
				CLANG_ANALYZER_NONNULL = YES;
				CLANG_ANALYZER_NUMBER_OBJECT_CONVERSION = YES_AGGRESSIVE;
				CLANG_CXX_LANGUAGE_STANDARD = "gnu++14";
				CLANG_CXX_LIBRARY = "libc++";
				CLANG_ENABLE_MODULES = YES;
				CLANG_ENABLE_OBJC_ARC = YES;
				CLANG_ENABLE_OBJC_WEAK = YES;
				CLANG_WARN_BLOCK_CAPTURE_AUTORELEASING = YES;
				CLANG_WARN_BOOL_CONVERSION = YES;
				CLANG_WARN_COMMA = YES;
				CLANG_WARN_CONSTANT_CONVERSION = YES;
				CLANG_WARN_DEPRECATED_OBJC_IMPLEMENTATIONS = YES;
				CLANG_WARN_DIRECT_OBJC_ISA_USAGE = YES_ERROR;
				CLANG_WARN_DOCUMENTATION_COMMENTS = YES;
				CLANG_WARN_EMPTY_BODY = YES;
				CLANG_WARN_ENUM_CONVERSION = YES;
				CLANG_WARN_INFINITE_RECURSION = YES;
				CLANG_WARN_INT_CONVERSION = YES;
				CLANG_WARN_NON_LITERAL_NULL_CONVERSION = YES;
				CLANG_WARN_OBJC_IMPLICIT_RETAIN_SELF = YES;
				CLANG_WARN_OBJC_LITERAL_CONVERSION = YES;
				CLANG_WARN_OBJC_ROOT_CLASS = YES_ERROR;
				CLANG_WARN_QUOTED_INCLUDE_IN_FRAMEWORK_HEADER = YES;
				CLANG_WARN_RANGE_LOOP_ANALYSIS = YES;
				CLANG_WARN_STRICT_PROTOTYPES = YES;
				CLANG_WARN_SUSPICIOUS_MOVE = YES;
				CLANG_WARN_UNGUARDED_AVAILABILITY = YES_AGGRESSIVE;
				CLANG_WARN_UNREACHABLE_CODE = YES;
				CLANG_WARN__DUPLICATE_METHOD_MATCH = YES;
				COPY_PHASE_STRIP = NO;
				DEBUG_INFORMATION_FORMAT = dwarf;
				ENABLE_STRICT_OBJC_MSGSEND = YES;
				ENABLE_TESTABILITY = YES;
				GCC_C_LANGUAGE_STANDARD = gnu11;
				GCC_DYNAMIC_NO_PIC = NO;
				GCC_NO_COMMON_BLOCKS = YES;
				GCC_OPTIMIZATION_LEVEL = 0;
				GCC_PREPROCESSOR_DEFINITIONS = (
					"DEBUG=1",
					"$(inherited)",
				);
				GCC_WARN_64_TO_32_BIT_CONVERSION = YES;
				GCC_WARN_ABOUT_RETURN_TYPE = YES_ERROR;
				GCC_WARN_UNDECLARED_SELECTOR = YES;
				GCC_WARN_UNINITIALIZED_AUTOS = YES_AGGRESSIVE;
				GCC_WARN_UNUSED_FUNCTION = YES;
				GCC_WARN_UNUSED_VARIABLE = YES;
				IPHONEOS_DEPLOYMENT_TARGET = 14.2;
				MTL_ENABLE_DEBUG_INFO = INCLUDE_SOURCE;
				MTL_FAST_MATH = YES;
				ONLY_ACTIVE_ARCH = YES;
				SDKROOT = iphoneos;
				SWIFT_ACTIVE_COMPILATION_CONDITIONS = DEBUG;
				SWIFT_OPTIMIZATION_LEVEL = "-Onone";
			};
			name = Debug;
		};
		936843CF25638ABB00A8AF80 /* Release */ = {
			isa = XCBuildConfiguration;
			buildSettings = {
				ALWAYS_SEARCH_USER_PATHS = NO;
				CLANG_ANALYZER_NONNULL = YES;
				CLANG_ANALYZER_NUMBER_OBJECT_CONVERSION = YES_AGGRESSIVE;
				CLANG_CXX_LANGUAGE_STANDARD = "gnu++14";
				CLANG_CXX_LIBRARY = "libc++";
				CLANG_ENABLE_MODULES = YES;
				CLANG_ENABLE_OBJC_ARC = YES;
				CLANG_ENABLE_OBJC_WEAK = YES;
				CLANG_WARN_BLOCK_CAPTURE_AUTORELEASING = YES;
				CLANG_WARN_BOOL_CONVERSION = YES;
				CLANG_WARN_COMMA = YES;
				CLANG_WARN_CONSTANT_CONVERSION = YES;
				CLANG_WARN_DEPRECATED_OBJC_IMPLEMENTATIONS = YES;
				CLANG_WARN_DIRECT_OBJC_ISA_USAGE = YES_ERROR;
				CLANG_WARN_DOCUMENTATION_COMMENTS = YES;
				CLANG_WARN_EMPTY_BODY = YES;
				CLANG_WARN_ENUM_CONVERSION = YES;
				CLANG_WARN_INFINITE_RECURSION = YES;
				CLANG_WARN_INT_CONVERSION = YES;
				CLANG_WARN_NON_LITERAL_NULL_CONVERSION = YES;
				CLANG_WARN_OBJC_IMPLICIT_RETAIN_SELF = YES;
				CLANG_WARN_OBJC_LITERAL_CONVERSION = YES;
				CLANG_WARN_OBJC_ROOT_CLASS = YES_ERROR;
				CLANG_WARN_QUOTED_INCLUDE_IN_FRAMEWORK_HEADER = YES;
				CLANG_WARN_RANGE_LOOP_ANALYSIS = YES;
				CLANG_WARN_STRICT_PROTOTYPES = YES;
				CLANG_WARN_SUSPICIOUS_MOVE = YES;
				CLANG_WARN_UNGUARDED_AVAILABILITY = YES_AGGRESSIVE;
				CLANG_WARN_UNREACHABLE_CODE = YES;
				CLANG_WARN__DUPLICATE_METHOD_MATCH = YES;
				COPY_PHASE_STRIP = NO;
				DEBUG_INFORMATION_FORMAT = "dwarf-with-dsym";
				ENABLE_NS_ASSERTIONS = NO;
				ENABLE_STRICT_OBJC_MSGSEND = YES;
				GCC_C_LANGUAGE_STANDARD = gnu11;
				GCC_NO_COMMON_BLOCKS = YES;
				GCC_WARN_64_TO_32_BIT_CONVERSION = YES;
				GCC_WARN_ABOUT_RETURN_TYPE = YES_ERROR;
				GCC_WARN_UNDECLARED_SELECTOR = YES;
				GCC_WARN_UNINITIALIZED_AUTOS = YES_AGGRESSIVE;
				GCC_WARN_UNUSED_FUNCTION = YES;
				GCC_WARN_UNUSED_VARIABLE = YES;
				IPHONEOS_DEPLOYMENT_TARGET = 14.2;
				MTL_ENABLE_DEBUG_INFO = NO;
				MTL_FAST_MATH = YES;
				SDKROOT = iphoneos;
				SWIFT_COMPILATION_MODE = wholemodule;
				SWIFT_OPTIMIZATION_LEVEL = "-O";
				VALIDATE_PRODUCT = YES;
			};
			name = Release;
		};
		936843D125638ABB00A8AF80 /* Debug */ = {
			isa = XCBuildConfiguration;
			buildSettings = {
				ASSETCATALOG_COMPILER_APPICON_NAME = AppIcon;
				ASSETCATALOG_COMPILER_GLOBAL_ACCENT_COLOR_NAME = AccentColor;
				CODE_SIGN_STYLE = Automatic;
				DEVELOPMENT_TEAM = YVX2Y63NF8;
				INFOPLIST_FILE = Stack/Info.plist;
				LD_RUNPATH_SEARCH_PATHS = (
					"$(inherited)",
					"@executable_path/Frameworks",
				);
				PRODUCT_BUNDLE_IDENTIFIER = aaron.Stack;
				PRODUCT_NAME = "$(TARGET_NAME)";
				SWIFT_VERSION = 5.0;
				TARGETED_DEVICE_FAMILY = "1,2";
			};
			name = Debug;
		};
		936843D225638ABB00A8AF80 /* Release */ = {
			isa = XCBuildConfiguration;
			buildSettings = {
				ASSETCATALOG_COMPILER_APPICON_NAME = AppIcon;
				ASSETCATALOG_COMPILER_GLOBAL_ACCENT_COLOR_NAME = AccentColor;
				CODE_SIGN_STYLE = Automatic;
				DEVELOPMENT_TEAM = YVX2Y63NF8;
				INFOPLIST_FILE = Stack/Info.plist;
				LD_RUNPATH_SEARCH_PATHS = (
					"$(inherited)",
					"@executable_path/Frameworks",
				);
				PRODUCT_BUNDLE_IDENTIFIER = aaron.Stack;
				PRODUCT_NAME = "$(TARGET_NAME)";
				SWIFT_VERSION = 5.0;
				TARGETED_DEVICE_FAMILY = "1,2";
			};
			name = Release;
		};
		936843D425638ABB00A8AF80 /* Debug */ = {
			isa = XCBuildConfiguration;
			buildSettings = {
				ALWAYS_EMBED_SWIFT_STANDARD_LIBRARIES = YES;
				BUNDLE_LOADER = "$(TEST_HOST)";
				CODE_SIGN_STYLE = Automatic;
				DEVELOPMENT_TEAM = YVX2Y63NF8;
				INFOPLIST_FILE = StackTests/Info.plist;
				IPHONEOS_DEPLOYMENT_TARGET = 14.2;
				LD_RUNPATH_SEARCH_PATHS = (
					"$(inherited)",
					"@executable_path/Frameworks",
					"@loader_path/Frameworks",
				);
				PRODUCT_BUNDLE_IDENTIFIER = aaron.StackTests;
				PRODUCT_NAME = "$(TARGET_NAME)";
				SWIFT_VERSION = 5.0;
				TARGETED_DEVICE_FAMILY = "1,2";
				TEST_HOST = "$(BUILT_PRODUCTS_DIR)/Stack.app/Stack";
			};
			name = Debug;
		};
		936843D525638ABB00A8AF80 /* Release */ = {
			isa = XCBuildConfiguration;
			buildSettings = {
				ALWAYS_EMBED_SWIFT_STANDARD_LIBRARIES = YES;
				BUNDLE_LOADER = "$(TEST_HOST)";
				CODE_SIGN_STYLE = Automatic;
				DEVELOPMENT_TEAM = YVX2Y63NF8;
				INFOPLIST_FILE = StackTests/Info.plist;
				IPHONEOS_DEPLOYMENT_TARGET = 14.2;
				LD_RUNPATH_SEARCH_PATHS = (
					"$(inherited)",
					"@executable_path/Frameworks",
					"@loader_path/Frameworks",
				);
				PRODUCT_BUNDLE_IDENTIFIER = aaron.StackTests;
				PRODUCT_NAME = "$(TARGET_NAME)";
				SWIFT_VERSION = 5.0;
				TARGETED_DEVICE_FAMILY = "1,2";
				TEST_HOST = "$(BUILT_PRODUCTS_DIR)/Stack.app/Stack";
			};
			name = Release;
		};
/* End XCBuildConfiguration section */

/* Begin XCConfigurationList section */
		936843A125638AB700A8AF80 /* Build configuration list for PBXProject "Stack" */ = {
			isa = XCConfigurationList;
			buildConfigurations = (
				936843CE25638ABB00A8AF80 /* Debug */,
				936843CF25638ABB00A8AF80 /* Release */,
			);
			defaultConfigurationIsVisible = 0;
			defaultConfigurationName = Release;
		};
		936843D025638ABB00A8AF80 /* Build configuration list for PBXNativeTarget "Stack" */ = {
			isa = XCConfigurationList;
			buildConfigurations = (
				936843D125638ABB00A8AF80 /* Debug */,
				936843D225638ABB00A8AF80 /* Release */,
			);
			defaultConfigurationIsVisible = 0;
			defaultConfigurationName = Release;
		};
		936843D325638ABB00A8AF80 /* Build configuration list for PBXNativeTarget "StackTests" */ = {
			isa = XCConfigurationList;
			buildConfigurations = (
				936843D425638ABB00A8AF80 /* Debug */,
				936843D525638ABB00A8AF80 /* Release */,
			);
			defaultConfigurationIsVisible = 0;
			defaultConfigurationName = Release;
		};
/* End XCConfigurationList section */
	};
	rootObject = 9368439E25638AB700A8AF80 /* Project object */;
}
