// !$*UTF8*$!
{
	archiveVersion = 1;
	classes = {
	};
	objectVersion = 50;
	objects = {

/* Begin PBXBuildFile section */
		93B81CE425931C0E00998902 /* main.swift in Sources */ = {isa = PBXBuildFile; fileRef = 93B81CE325931C0E00998902 /* main.swift */; };
		93B81D0825931D1100998902 /* BSTTest.swift in Sources */ = {isa = PBXBuildFile; fileRef = 93B81D0725931D1100998902 /* BSTTest.swift */; };
		93B81D1825931D7200998902 /* BinarySearchTree.swift in Sources */ = {isa = PBXBuildFile; fileRef = 93B81D1525931D7200998902 /* BinarySearchTree.swift */; };
		93B81D1925931D7200998902 /* BinarySearchTree.swift in Sources */ = {isa = PBXBuildFile; fileRef = 93B81D1525931D7200998902 /* BinarySearchTree.swift */; };
		93B81D1A25931D7200998902 /* Queue.swift in Sources */ = {isa = PBXBuildFile; fileRef = 93B81D1625931D7200998902 /* Queue.swift */; };
		93B81D1B25931D7200998902 /* Queue.swift in Sources */ = {isa = PBXBuildFile; fileRef = 93B81D1625931D7200998902 /* Queue.swift */; };
		93B81D1C25931D7200998902 /* LinkedList.swift in Sources */ = {isa = PBXBuildFile; fileRef = 93B81D1725931D7200998902 /* LinkedList.swift */; };
		93B81D1D25931D7200998902 /* LinkedList.swift in Sources */ = {isa = PBXBuildFile; fileRef = 93B81D1725931D7200998902 /* LinkedList.swift */; };
/* End PBXBuildFile section */

/* Begin PBXCopyFilesBuildPhase section */
		93B81CDE25931C0E00998902 /* CopyFiles */ = {
			isa = PBXCopyFilesBuildPhase;
			buildActionMask = 2147483647;
			dstPath = /usr/share/man/man1/;
			dstSubfolderSpec = 0;
			files = (
			);
			runOnlyForDeploymentPostprocessing = 1;
		};
/* End PBXCopyFilesBuildPhase section */

/* Begin PBXFileReference section */
		93B81CE025931C0E00998902 /* BinarySearchTree */ = {isa = PBXFileReference; explicitFileType = "compiled.mach-o.executable"; includeInIndex = 0; path = BinarySearchTree; sourceTree = BUILT_PRODUCTS_DIR; };
		93B81CE325931C0E00998902 /* main.swift */ = {isa = PBXFileReference; lastKnownFileType = sourcecode.swift; path = main.swift; sourceTree = "<group>"; };
		93B81D0525931D1100998902 /* BSTTest.xctest */ = {isa = PBXFileReference; explicitFileType = wrapper.cfbundle; includeInIndex = 0; path = BSTTest.xctest; sourceTree = BUILT_PRODUCTS_DIR; };
		93B81D0725931D1100998902 /* BSTTest.swift */ = {isa = PBXFileReference; lastKnownFileType = sourcecode.swift; path = BSTTest.swift; sourceTree = "<group>"; };
		93B81D0925931D1100998902 /* Info.plist */ = {isa = PBXFileReference; lastKnownFileType = text.plist.xml; path = Info.plist; sourceTree = "<group>"; };
		93B81D1525931D7200998902 /* BinarySearchTree.swift */ = {isa = PBXFileReference; fileEncoding = 4; lastKnownFileType = sourcecode.swift; path = BinarySearchTree.swift; sourceTree = "<group>"; };
		93B81D1625931D7200998902 /* Queue.swift */ = {isa = PBXFileReference; fileEncoding = 4; lastKnownFileType = sourcecode.swift; path = Queue.swift; sourceTree = "<group>"; };
		93B81D1725931D7200998902 /* LinkedList.swift */ = {isa = PBXFileReference; fileEncoding = 4; lastKnownFileType = sourcecode.swift; path = LinkedList.swift; sourceTree = "<group>"; };
/* End PBXFileReference section */

/* Begin PBXFrameworksBuildPhase section */
		93B81CDD25931C0E00998902 /* Frameworks */ = {
			isa = PBXFrameworksBuildPhase;
			buildActionMask = 2147483647;
			files = (
			);
			runOnlyForDeploymentPostprocessing = 0;
		};
		93B81D0225931D1100998902 /* Frameworks */ = {
			isa = PBXFrameworksBuildPhase;
			buildActionMask = 2147483647;
			files = (
			);
			runOnlyForDeploymentPostprocessing = 0;
		};
/* End PBXFrameworksBuildPhase section */

/* Begin PBXGroup section */
		93B81CD725931C0D00998902 = {
			isa = PBXGroup;
			children = (
				93B81CE225931C0E00998902 /* BinarySearchTree */,
				93B81D0625931D1100998902 /* BSTTest */,
				93B81CE125931C0E00998902 /* Products */,
			);
			sourceTree = "<group>";
		};
		93B81CE125931C0E00998902 /* Products */ = {
			isa = PBXGroup;
			children = (
				93B81CE025931C0E00998902 /* BinarySearchTree */,
				93B81D0525931D1100998902 /* BSTTest.xctest */,
			);
			name = Products;
			sourceTree = "<group>";
		};
		93B81CE225931C0E00998902 /* BinarySearchTree */ = {
			isa = PBXGroup;
			children = (
				93B81CE325931C0E00998902 /* main.swift */,
				93B81D1525931D7200998902 /* BinarySearchTree.swift */,
				93B81D1725931D7200998902 /* LinkedList.swift */,
				93B81D1625931D7200998902 /* Queue.swift */,
			);
			path = BinarySearchTree;
			sourceTree = "<group>";
		};
		93B81D0625931D1100998902 /* BSTTest */ = {
			isa = PBXGroup;
			children = (
				93B81D0725931D1100998902 /* BSTTest.swift */,
				93B81D0925931D1100998902 /* Info.plist */,
			);
			path = BSTTest;
			sourceTree = "<group>";
		};
/* End PBXGroup section */

/* Begin PBXNativeTarget section */
		93B81CDF25931C0E00998902 /* BinarySearchTree */ = {
			isa = PBXNativeTarget;
			buildConfigurationList = 93B81CE725931C0E00998902 /* Build configuration list for PBXNativeTarget "BinarySearchTree" */;
			buildPhases = (
				93B81CDC25931C0E00998902 /* Sources */,
				93B81CDD25931C0E00998902 /* Frameworks */,
				93B81CDE25931C0E00998902 /* CopyFiles */,
			);
			buildRules = (
			);
			dependencies = (
			);
			name = BinarySearchTree;
			productName = BinarySearchTree;
			productReference = 93B81CE025931C0E00998902 /* BinarySearchTree */;
			productType = "com.apple.product-type.tool";
		};
		93B81D0425931D1100998902 /* BSTTest */ = {
			isa = PBXNativeTarget;
			buildConfigurationList = 93B81D0A25931D1100998902 /* Build configuration list for PBXNativeTarget "BSTTest" */;
			buildPhases = (
				93B81D0125931D1100998902 /* Sources */,
				93B81D0225931D1100998902 /* Frameworks */,
				93B81D0325931D1100998902 /* Resources */,
			);
			buildRules = (
			);
			dependencies = (
			);
			name = BSTTest;
			productName = BSTTest;
			productReference = 93B81D0525931D1100998902 /* BSTTest.xctest */;
			productType = "com.apple.product-type.bundle.unit-test";
		};
/* End PBXNativeTarget section */

/* Begin PBXProject section */
		93B81CD825931C0E00998902 /* Project object */ = {
			isa = PBXProject;
			attributes = {
				LastSwiftUpdateCheck = 1220;
				LastUpgradeCheck = 1220;
				TargetAttributes = {
					93B81CDF25931C0E00998902 = {
						CreatedOnToolsVersion = 12.2;
					};
					93B81D0425931D1100998902 = {
						CreatedOnToolsVersion = 12.2;
					};
				};
			};
			buildConfigurationList = 93B81CDB25931C0E00998902 /* Build configuration list for PBXProject "BinarySearchTree" */;
			compatibilityVersion = "Xcode 9.3";
			developmentRegion = en;
			hasScannedForEncodings = 0;
			knownRegions = (
				en,
				Base,
			);
			mainGroup = 93B81CD725931C0D00998902;
			productRefGroup = 93B81CE125931C0E00998902 /* Products */;
			projectDirPath = "";
			projectRoot = "";
			targets = (
				93B81CDF25931C0E00998902 /* BinarySearchTree */,
				93B81D0425931D1100998902 /* BSTTest */,
			);
		};
/* End PBXProject section */

/* Begin PBXResourcesBuildPhase section */
		93B81D0325931D1100998902 /* Resources */ = {
			isa = PBXResourcesBuildPhase;
			buildActionMask = 2147483647;
			files = (
			);
			runOnlyForDeploymentPostprocessing = 0;
		};
/* End PBXResourcesBuildPhase section */

/* Begin PBXSourcesBuildPhase section */
		93B81CDC25931C0E00998902 /* Sources */ = {
			isa = PBXSourcesBuildPhase;
			buildActionMask = 2147483647;
			files = (
				93B81D1825931D7200998902 /* BinarySearchTree.swift in Sources */,
				93B81D1A25931D7200998902 /* Queue.swift in Sources */,
				93B81D1C25931D7200998902 /* LinkedList.swift in Sources */,
				93B81CE425931C0E00998902 /* main.swift in Sources */,
			);
			runOnlyForDeploymentPostprocessing = 0;
		};
		93B81D0125931D1100998902 /* Sources */ = {
			isa = PBXSourcesBuildPhase;
			buildActionMask = 2147483647;
			files = (
				93B81D1925931D7200998902 /* BinarySearchTree.swift in Sources */,
				93B81D1B25931D7200998902 /* Queue.swift in Sources */,
				93B81D1D25931D7200998902 /* LinkedList.swift in Sources */,
				93B81D0825931D1100998902 /* BSTTest.swift in Sources */,
			);
			runOnlyForDeploymentPostprocessing = 0;
		};
/* End PBXSourcesBuildPhase section */

/* Begin XCBuildConfiguration section */
		93B81CE525931C0E00998902 /* Debug */ = {
			isa = XCBuildConfiguration;
			buildSettings = {
				ALWAYS_SEARCH_USER_PATHS = NO;
				CLANG_ANALYZER_NONNULL = YES;
				CLANG_ANALYZER_NUMBER_OBJECT_CONVERSION = YES_AGGRESSIVE;
				CLANG_CXX_LANGUAGE_STANDARD = "gnu++14";
				CLANG_CXX_LIBRARY = "libc++";
				CLANG_ENABLE_MODULES = YES;
				CLANG_ENABLE_OBJC_ARC = YES;
				CLANG_ENABLE_OBJC_WEAK = YES;
				CLANG_WARN_BLOCK_CAPTURE_AUTORELEASING = YES;
				CLANG_WARN_BOOL_CONVERSION = YES;
				CLANG_WARN_COMMA = YES;
				CLANG_WARN_CONSTANT_CONVERSION = YES;
				CLANG_WARN_DEPRECATED_OBJC_IMPLEMENTATIONS = YES;
				CLANG_WARN_DIRECT_OBJC_ISA_USAGE = YES_ERROR;
				CLANG_WARN_DOCUMENTATION_COMMENTS = YES;
				CLANG_WARN_EMPTY_BODY = YES;
				CLANG_WARN_ENUM_CONVERSION = YES;
				CLANG_WARN_INFINITE_RECURSION = YES;
				CLANG_WARN_INT_CONVERSION = YES;
				CLANG_WARN_NON_LITERAL_NULL_CONVERSION = YES;
				CLANG_WARN_OBJC_IMPLICIT_RETAIN_SELF = YES;
				CLANG_WARN_OBJC_LITERAL_CONVERSION = YES;
				CLANG_WARN_OBJC_ROOT_CLASS = YES_ERROR;
				CLANG_WARN_QUOTED_INCLUDE_IN_FRAMEWORK_HEADER = YES;
				CLANG_WARN_RANGE_LOOP_ANALYSIS = YES;
				CLANG_WARN_STRICT_PROTOTYPES = YES;
				CLANG_WARN_SUSPICIOUS_MOVE = YES;
				CLANG_WARN_UNGUARDED_AVAILABILITY = YES_AGGRESSIVE;
				CLANG_WARN_UNREACHABLE_CODE = YES;
				CLANG_WARN__DUPLICATE_METHOD_MATCH = YES;
				COPY_PHASE_STRIP = NO;
				DEBUG_INFORMATION_FORMAT = dwarf;
				ENABLE_STRICT_OBJC_MSGSEND = YES;
				ENABLE_TESTABILITY = YES;
				GCC_C_LANGUAGE_STANDARD = gnu11;
				GCC_DYNAMIC_NO_PIC = NO;
				GCC_NO_COMMON_BLOCKS = YES;
				GCC_OPTIMIZATION_LEVEL = 0;
				GCC_PREPROCESSOR_DEFINITIONS = (
					"DEBUG=1",
					"$(inherited)",
				);
				GCC_WARN_64_TO_32_BIT_CONVERSION = YES;
				GCC_WARN_ABOUT_RETURN_TYPE = YES_ERROR;
				GCC_WARN_UNDECLARED_SELECTOR = YES;
				GCC_WARN_UNINITIALIZED_AUTOS = YES_AGGRESSIVE;
				GCC_WARN_UNUSED_FUNCTION = YES;
				GCC_WARN_UNUSED_VARIABLE = YES;
				MACOSX_DEPLOYMENT_TARGET = 10.15;
				MTL_ENABLE_DEBUG_INFO = INCLUDE_SOURCE;
				MTL_FAST_MATH = YES;
				ONLY_ACTIVE_ARCH = YES;
				SDKROOT = macosx;
				SWIFT_ACTIVE_COMPILATION_CONDITIONS = DEBUG;
				SWIFT_OPTIMIZATION_LEVEL = "-Onone";
			};
			name = Debug;
		};
		93B81CE625931C0E00998902 /* Release */ = {
			isa = XCBuildConfiguration;
			buildSettings = {
				ALWAYS_SEARCH_USER_PATHS = NO;
				CLANG_ANALYZER_NONNULL = YES;
				CLANG_ANALYZER_NUMBER_OBJECT_CONVERSION = YES_AGGRESSIVE;
				CLANG_CXX_LANGUAGE_STANDARD = "gnu++14";
				CLANG_CXX_LIBRARY = "libc++";
				CLANG_ENABLE_MODULES = YES;
				CLANG_ENABLE_OBJC_ARC = YES;
				CLANG_ENABLE_OBJC_WEAK = YES;
				CLANG_WARN_BLOCK_CAPTURE_AUTORELEASING = YES;
				CLANG_WARN_BOOL_CONVERSION = YES;
				CLANG_WARN_COMMA = YES;
				CLANG_WARN_CONSTANT_CONVERSION = YES;
				CLANG_WARN_DEPRECATED_OBJC_IMPLEMENTATIONS = YES;
				CLANG_WARN_DIRECT_OBJC_ISA_USAGE = YES_ERROR;
				CLANG_WARN_DOCUMENTATION_COMMENTS = YES;
				CLANG_WARN_EMPTY_BODY = YES;
				CLANG_WARN_ENUM_CONVERSION = YES;
				CLANG_WARN_INFINITE_RECURSION = YES;
				CLANG_WARN_INT_CONVERSION = YES;
				CLANG_WARN_NON_LITERAL_NULL_CONVERSION = YES;
				CLANG_WARN_OBJC_IMPLICIT_RETAIN_SELF = YES;
				CLANG_WARN_OBJC_LITERAL_CONVERSION = YES;
				CLANG_WARN_OBJC_ROOT_CLASS = YES_ERROR;
				CLANG_WARN_QUOTED_INCLUDE_IN_FRAMEWORK_HEADER = YES;
				CLANG_WARN_RANGE_LOOP_ANALYSIS = YES;
				CLANG_WARN_STRICT_PROTOTYPES = YES;
				CLANG_WARN_SUSPICIOUS_MOVE = YES;
				CLANG_WARN_UNGUARDED_AVAILABILITY = YES_AGGRESSIVE;
				CLANG_WARN_UNREACHABLE_CODE = YES;
				CLANG_WARN__DUPLICATE_METHOD_MATCH = YES;
				COPY_PHASE_STRIP = NO;
				DEBUG_INFORMATION_FORMAT = "dwarf-with-dsym";
				ENABLE_NS_ASSERTIONS = NO;
				ENABLE_STRICT_OBJC_MSGSEND = YES;
				GCC_C_LANGUAGE_STANDARD = gnu11;
				GCC_NO_COMMON_BLOCKS = YES;
				GCC_WARN_64_TO_32_BIT_CONVERSION = YES;
				GCC_WARN_ABOUT_RETURN_TYPE = YES_ERROR;
				GCC_WARN_UNDECLARED_SELECTOR = YES;
				GCC_WARN_UNINITIALIZED_AUTOS = YES_AGGRESSIVE;
				GCC_WARN_UNUSED_FUNCTION = YES;
				GCC_WARN_UNUSED_VARIABLE = YES;
				MACOSX_DEPLOYMENT_TARGET = 10.15;
				MTL_ENABLE_DEBUG_INFO = NO;
				MTL_FAST_MATH = YES;
				SDKROOT = macosx;
				SWIFT_COMPILATION_MODE = wholemodule;
				SWIFT_OPTIMIZATION_LEVEL = "-O";
			};
			name = Release;
		};
		93B81CE825931C0E00998902 /* Debug */ = {
			isa = XCBuildConfiguration;
			buildSettings = {
				CODE_SIGN_STYLE = Automatic;
				DEVELOPMENT_TEAM = YVX2Y63NF8;
				ENABLE_HARDENED_RUNTIME = YES;
				PRODUCT_NAME = "$(TARGET_NAME)";
				SWIFT_VERSION = 5.0;
			};
			name = Debug;
		};
		93B81CE925931C0E00998902 /* Release */ = {
			isa = XCBuildConfiguration;
			buildSettings = {
				CODE_SIGN_STYLE = Automatic;
				DEVELOPMENT_TEAM = YVX2Y63NF8;
				ENABLE_HARDENED_RUNTIME = YES;
				PRODUCT_NAME = "$(TARGET_NAME)";
				SWIFT_VERSION = 5.0;
			};
			name = Release;
		};
		93B81D0B25931D1100998902 /* Debug */ = {
			isa = XCBuildConfiguration;
			buildSettings = {
				CODE_SIGN_STYLE = Automatic;
				COMBINE_HIDPI_IMAGES = YES;
				DEVELOPMENT_TEAM = YVX2Y63NF8;
				INFOPLIST_FILE = BSTTest/Info.plist;
				LD_RUNPATH_SEARCH_PATHS = (
					"$(inherited)",
					"@executable_path/../Frameworks",
					"@loader_path/../Frameworks",
				);
				PRODUCT_BUNDLE_IDENTIFIER = com.BSTTest;
				PRODUCT_NAME = "$(TARGET_NAME)";
				SWIFT_VERSION = 5.0;
			};
			name = Debug;
		};
		93B81D0C25931D1100998902 /* Release */ = {
			isa = XCBuildConfiguration;
			buildSettings = {
				CODE_SIGN_STYLE = Automatic;
				COMBINE_HIDPI_IMAGES = YES;
				DEVELOPMENT_TEAM = YVX2Y63NF8;
				INFOPLIST_FILE = BSTTest/Info.plist;
				LD_RUNPATH_SEARCH_PATHS = (
					"$(inherited)",
					"@executable_path/../Frameworks",
					"@loader_path/../Frameworks",
				);
				PRODUCT_BUNDLE_IDENTIFIER = com.BSTTest;
				PRODUCT_NAME = "$(TARGET_NAME)";
				SWIFT_VERSION = 5.0;
			};
			name = Release;
		};
/* End XCBuildConfiguration section */

/* Begin XCConfigurationList section */
		93B81CDB25931C0E00998902 /* Build configuration list for PBXProject "BinarySearchTree" */ = {
			isa = XCConfigurationList;
			buildConfigurations = (
				93B81CE525931C0E00998902 /* Debug */,
				93B81CE625931C0E00998902 /* Release */,
			);
			defaultConfigurationIsVisible = 0;
			defaultConfigurationName = Release;
		};
		93B81CE725931C0E00998902 /* Build configuration list for PBXNativeTarget "BinarySearchTree" */ = {
			isa = XCConfigurationList;
			buildConfigurations = (
				93B81CE825931C0E00998902 /* Debug */,
				93B81CE925931C0E00998902 /* Release */,
			);
			defaultConfigurationIsVisible = 0;
			defaultConfigurationName = Release;
		};
		93B81D0A25931D1100998902 /* Build configuration list for PBXNativeTarget "BSTTest" */ = {
			isa = XCConfigurationList;
			buildConfigurations = (
				93B81D0B25931D1100998902 /* Debug */,
				93B81D0C25931D1100998902 /* Release */,
			);
			defaultConfigurationIsVisible = 0;
			defaultConfigurationName = Release;
		};
/* End XCConfigurationList section */
	};
	rootObject = 93B81CD825931C0E00998902 /* Project object */;
}
